
Microsoft Visual Studio Solution File, Format Version 12.00
# Visual Studio Version 17
VisualStudioVersion = 17.9.34723.18
MinimumVisualStudioVersion = 10.0.40219.1
Project("{FAE04EC0-301F-11D3-BF4B-00C04F79EFBC}") = "PryAgorioRegistroVentas", "PryAgorioRegistroVentas\PryAgorioRegistroVentas.csproj", "{11B7790E-3070-4D0E-B54E-40584C0D6AC6}"
EndProject
Global
	GlobalSection(SolutionConfigurationPlatforms) = preSolution
		Debug|Any CPU = Debug|Any CPU
		Release|Any CPU = Release|Any CPU
	EndGlobalSection
	GlobalSection(ProjectConfigurationPlatforms) = postSolution
		{11B7790E-3070-4D0E-B54E-40584C0D6AC6}.Debug|Any CPU.ActiveCfg = Debug|Any CPU
		{11B7790E-3070-4D0E-B54E-40584C0D6AC6}.Debug|Any CPU.Build.0 = Debug|Any CPU
		{11B7790E-3070-4D0E-B54E-40584C0D6AC6}.Release|Any CPU.ActiveCfg = Release|Any CPU
		{11B7790E-3070-4D0E-B54E-40584C0D6AC6}.Release|Any CPU.Build.0 = Release|Any CPU
	EndGlobalSection
	GlobalSection(SolutionProperties) = preSolution
		HideSolutionNode = FALSE
	EndGlobalSection
	GlobalSection(ExtensibilityGlobals) = postSolution
		SolutionGuid = {7C10B368-3316-4B2F-ABA0-3B0DD1EBDFA9}
	EndGlobalSection
EndGlobal
